PODS:
  - AdnomusSdk (1.0.0)

DEPENDENCIES:
  - AdnomusSdk (from `http://gitlab.adnomus.com/gbarbalinardo/adnomus-ios-sdk`)

EXTERNAL SOURCES:
  AdnomusSdk:
    :git: http://gitlab.adnomus.com/gbarbalinardo/adnomus-ios-sdk

CHECKOUT OPTIONS:
  AdnomusSdk:
    :commit: ced258cbe21d0d48505cc6289dc23ab4513b42af
    :git: http://gitlab.adnomus.com/gbarbalinardo/adnomus-ios-sdk

SPEC CHECKSUMS:
  AdnomusSdk: 99bbf90e4d99c6fe99ca16c64683b8cd3a24c855

PODFILE CHECKSUM: 698df7d66dd549c487dd5e4d2381c22aedd8f6e0

COCOAPODS: 1.2.0
