PODS:
  - AdnomusSdk (1.0.0)

DEPENDENCIES:
  - AdnomusSdk (from `https://gitlab.com/gbarbalinardo/adnomus-ios-sdk.git`)

EXTERNAL SOURCES:
  AdnomusSdk:
    :git: https://gitlab.com/gbarbalinardo/adnomus-ios-sdk.git

CHECKOUT OPTIONS:
  AdnomusSdk:
    :commit: 1ff4330d0cfaaadfab5938693cb1b6b62b82a109
    :git: https://gitlab.com/gbarbalinardo/adnomus-ios-sdk.git

SPEC CHECKSUMS:
  AdnomusSdk: 99bbf90e4d99c6fe99ca16c64683b8cd3a24c855

PODFILE CHECKSUM: 52cd6ee3c8587b86f262a80017b0b3966880f663

COCOAPODS: 1.2.0
